
Microsoft Visual Studio Solution File, Format Version 12.00
# Visual Studio Version 17
VisualStudioVersion = 17.10.35013.160
MinimumVisualStudioVersion = 10.0.40219.1
Project("{2150E333-8FDC-42A3-9474-1A3956D46DE8}") = "Services", "Services", "{6C6E9620-D1E7-4907-AF5A-1E3C4F34BDAB}"
EndProject
Project("{2150E333-8FDC-42A3-9474-1A3956D46DE8}") = "Catalog", "Catalog", "{CB093B5A-CEC3-439E-8D17-2C3031C1C23A}"
EndProject
Project("{9A19103F-16F7-4668-BE54-9A1E7A4F7556}") = "Catalog.API", "Services\Catalog\Catalog.API\Catalog.API.csproj", "{285AD332-A809-47ED-8191-AE158B09E601}"
EndProject
Project("{2150E333-8FDC-42A3-9474-1A3956D46DE8}") = "BuildingBlocks", "BuildingBlocks", "{E8EBB080-8701-444E-9159-41E6796D7F73}"
EndProject
Project("{9A19103F-16F7-4668-BE54-9A1E7A4F7556}") = "BuildingBlocks", "BuildingBlocks\BuildingBlocks\BuildingBlocks.csproj", "{45C308E4-D493-4597-81BA-EE16F5B373BE}"
EndProject
Project("{E53339B2-1760-4266-BCC7-CA923CBCF16C}") = "docker-compose", "docker-compose.dcproj", "{DDD26B08-029A-4509-B27B-3AFC68546D55}"
EndProject
Project("{2150E333-8FDC-42A3-9474-1A3956D46DE8}") = "Basket", "Basket", "{3CBFD07D-3AA3-4C24-970D-FB75C43FB8A7}"
EndProject
Project("{9A19103F-16F7-4668-BE54-9A1E7A4F7556}") = "Basket.API", "Services\Basket\Basket.API\Basket.API.csproj", "{661388E0-94A4-4F1D-AC4B-C9200B16FEF5}"
EndProject
Project("{2150E333-8FDC-42A3-9474-1A3956D46DE8}") = "Discount", "Discount", "{5C327C46-903B-4A64-9204-19907B1B6304}"
EndProject
Project("{9A19103F-16F7-4668-BE54-9A1E7A4F7556}") = "Discount.Grpc", "Services\Discount\Discount.Grpc\Discount.Grpc.csproj", "{A328C828-764B-4FE8-88B1-917028343913}"
EndProject
Project("{2150E333-8FDC-42A3-9474-1A3956D46DE8}") = "Ordering", "Ordering", "{8BD2CB49-22B3-4CF3-AA2A-751E269A47FB}"
EndProject
Project("{FAE04EC0-301F-11D3-BF4B-00C04F79EFBC}") = "Ordering.API", "Services\Ordering\Ordering.API\Ordering.API.csproj", "{AFDA5B23-6DC3-4941-9C83-FE587693C7B5}"
EndProject
Project("{FAE04EC0-301F-11D3-BF4B-00C04F79EFBC}") = "Ordering.Domain", "Services\Ordering\Ordering.Domain\Ordering.Domain.csproj", "{CB06D3B3-8183-406F-B04F-5F1876C04720}"
EndProject
Project("{FAE04EC0-301F-11D3-BF4B-00C04F79EFBC}") = "Ordering.Application", "Services\Ordering\Ordering.Application\Ordering.Application.csproj", "{F49BCFA0-FEDA-460A-A0BD-5E0C9B1BFB5E}"
EndProject
Project("{FAE04EC0-301F-11D3-BF4B-00C04F79EFBC}") = "Ordering.Infrastructure", "Services\Ordering\Ordering.Infrastructure\Ordering.Infrastructure.csproj", "{8DB6843B-981B-4745-B10E-4EB27D0D723A}"
EndProject
Global
	GlobalSection(SolutionConfigurationPlatforms) = preSolution
		Debug|Any CPU = Debug|Any CPU
		Release|Any CPU = Release|Any CPU
	EndGlobalSection
	GlobalSection(ProjectConfigurationPlatforms) = postSolution
		{285AD332-A809-47ED-8191-AE158B09E601}.Debug|Any CPU.ActiveCfg = Debug|Any CPU
		{285AD332-A809-47ED-8191-AE158B09E601}.Debug|Any CPU.Build.0 = Debug|Any CPU
		{285AD332-A809-47ED-8191-AE158B09E601}.Release|Any CPU.ActiveCfg = Release|Any CPU
		{285AD332-A809-47ED-8191-AE158B09E601}.Release|Any CPU.Build.0 = Release|Any CPU
		{45C308E4-D493-4597-81BA-EE16F5B373BE}.Debug|Any CPU.ActiveCfg = Debug|Any CPU
		{45C308E4-D493-4597-81BA-EE16F5B373BE}.Debug|Any CPU.Build.0 = Debug|Any CPU
		{45C308E4-D493-4597-81BA-EE16F5B373BE}.Release|Any CPU.ActiveCfg = Release|Any CPU
		{45C308E4-D493-4597-81BA-EE16F5B373BE}.Release|Any CPU.Build.0 = Release|Any CPU
		{DDD26B08-029A-4509-B27B-3AFC68546D55}.Debug|Any CPU.ActiveCfg = Debug|Any CPU
		{DDD26B08-029A-4509-B27B-3AFC68546D55}.Debug|Any CPU.Build.0 = Debug|Any CPU
		{DDD26B08-029A-4509-B27B-3AFC68546D55}.Release|Any CPU.ActiveCfg = Release|Any CPU
		{DDD26B08-029A-4509-B27B-3AFC68546D55}.Release|Any CPU.Build.0 = Release|Any CPU
		{661388E0-94A4-4F1D-AC4B-C9200B16FEF5}.Debug|Any CPU.ActiveCfg = Debug|Any CPU
		{661388E0-94A4-4F1D-AC4B-C9200B16FEF5}.Debug|Any CPU.Build.0 = Debug|Any CPU
		{661388E0-94A4-4F1D-AC4B-C9200B16FEF5}.Release|Any CPU.ActiveCfg = Release|Any CPU
		{661388E0-94A4-4F1D-AC4B-C9200B16FEF5}.Release|Any CPU.Build.0 = Release|Any CPU
		{A328C828-764B-4FE8-88B1-917028343913}.Debug|Any CPU.ActiveCfg = Debug|Any CPU
		{A328C828-764B-4FE8-88B1-917028343913}.Debug|Any CPU.Build.0 = Debug|Any CPU
		{A328C828-764B-4FE8-88B1-917028343913}.Release|Any CPU.ActiveCfg = Release|Any CPU
		{A328C828-764B-4FE8-88B1-917028343913}.Release|Any CPU.Build.0 = Release|Any CPU
		{AFDA5B23-6DC3-4941-9C83-FE587693C7B5}.Debug|Any CPU.ActiveCfg = Debug|Any CPU
		{AFDA5B23-6DC3-4941-9C83-FE587693C7B5}.Debug|Any CPU.Build.0 = Debug|Any CPU
		{AFDA5B23-6DC3-4941-9C83-FE587693C7B5}.Release|Any CPU.ActiveCfg = Release|Any CPU
		{AFDA5B23-6DC3-4941-9C83-FE587693C7B5}.Release|Any CPU.Build.0 = Release|Any CPU
		{CB06D3B3-8183-406F-B04F-5F1876C04720}.Debug|Any CPU.ActiveCfg = Debug|Any CPU
		{CB06D3B3-8183-406F-B04F-5F1876C04720}.Debug|Any CPU.Build.0 = Debug|Any CPU
		{CB06D3B3-8183-406F-B04F-5F1876C04720}.Release|Any CPU.ActiveCfg = Release|Any CPU
		{CB06D3B3-8183-406F-B04F-5F1876C04720}.Release|Any CPU.Build.0 = Release|Any CPU
		{F49BCFA0-FEDA-460A-A0BD-5E0C9B1BFB5E}.Debug|Any CPU.ActiveCfg = Debug|Any CPU
		{F49BCFA0-FEDA-460A-A0BD-5E0C9B1BFB5E}.Debug|Any CPU.Build.0 = Debug|Any CPU
		{F49BCFA0-FEDA-460A-A0BD-5E0C9B1BFB5E}.Release|Any CPU.ActiveCfg = Release|Any CPU
		{F49BCFA0-FEDA-460A-A0BD-5E0C9B1BFB5E}.Release|Any CPU.Build.0 = Release|Any CPU
		{8DB6843B-981B-4745-B10E-4EB27D0D723A}.Debug|Any CPU.ActiveCfg = Debug|Any CPU
		{8DB6843B-981B-4745-B10E-4EB27D0D723A}.Debug|Any CPU.Build.0 = Debug|Any CPU
		{8DB6843B-981B-4745-B10E-4EB27D0D723A}.Release|Any CPU.ActiveCfg = Release|Any CPU
		{8DB6843B-981B-4745-B10E-4EB27D0D723A}.Release|Any CPU.Build.0 = Release|Any CPU
	EndGlobalSection
	GlobalSection(SolutionProperties) = preSolution
		HideSolutionNode = FALSE
	EndGlobalSection
	GlobalSection(NestedProjects) = preSolution
		{CB093B5A-CEC3-439E-8D17-2C3031C1C23A} = {6C6E9620-D1E7-4907-AF5A-1E3C4F34BDAB}
		{285AD332-A809-47ED-8191-AE158B09E601} = {CB093B5A-CEC3-439E-8D17-2C3031C1C23A}
		{45C308E4-D493-4597-81BA-EE16F5B373BE} = {E8EBB080-8701-444E-9159-41E6796D7F73}
		{3CBFD07D-3AA3-4C24-970D-FB75C43FB8A7} = {6C6E9620-D1E7-4907-AF5A-1E3C4F34BDAB}
		{661388E0-94A4-4F1D-AC4B-C9200B16FEF5} = {3CBFD07D-3AA3-4C24-970D-FB75C43FB8A7}
		{5C327C46-903B-4A64-9204-19907B1B6304} = {6C6E9620-D1E7-4907-AF5A-1E3C4F34BDAB}
		{A328C828-764B-4FE8-88B1-917028343913} = {5C327C46-903B-4A64-9204-19907B1B6304}
		{8BD2CB49-22B3-4CF3-AA2A-751E269A47FB} = {6C6E9620-D1E7-4907-AF5A-1E3C4F34BDAB}
		{AFDA5B23-6DC3-4941-9C83-FE587693C7B5} = {8BD2CB49-22B3-4CF3-AA2A-751E269A47FB}
		{CB06D3B3-8183-406F-B04F-5F1876C04720} = {8BD2CB49-22B3-4CF3-AA2A-751E269A47FB}
		{F49BCFA0-FEDA-460A-A0BD-5E0C9B1BFB5E} = {8BD2CB49-22B3-4CF3-AA2A-751E269A47FB}
		{8DB6843B-981B-4745-B10E-4EB27D0D723A} = {8BD2CB49-22B3-4CF3-AA2A-751E269A47FB}
	EndGlobalSection
	GlobalSection(ExtensibilityGlobals) = postSolution
		SolutionGuid = {C35A51D2-EC61-464E-988B-2ABC57954A47}
	EndGlobalSection
EndGlobal
